
Microsoft Visual Studio Solution File, Format Version 12.00
# Visual Studio Version 17
VisualStudioVersion = 17.14.36221.1 d17.14
MinimumVisualStudioVersion = 10.0.40219.1
Project("{FAE04EC0-301F-11D3-BF4B-00C04F79EFBC}") = "PK.Learn.Core.Service", "PK.Learn.Core.Service\PK.Learn.Core.Service.csproj", "{98AC9872-F748-4BB0-9F6D-65E614B646AD}"
EndProject
Global
	GlobalSection(SolutionConfigurationPlatforms) = preSolution
		Debug|Any CPU = Debug|Any CPU
		Release|Any CPU = Release|Any CPU
	EndGlobalSection
	GlobalSection(ProjectConfigurationPlatforms) = postSolution
		{98AC9872-F748-4BB0-9F6D-65E614B646AD}.Debug|Any CPU.ActiveCfg = Debug|Any CPU
		{98AC9872-F748-4BB0-9F6D-65E614B646AD}.Debug|Any CPU.Build.0 = Debug|Any CPU
		{98AC9872-F748-4BB0-9F6D-65E614B646AD}.Release|Any CPU.ActiveCfg = Release|Any CPU
		{98AC9872-F748-4BB0-9F6D-65E614B646AD}.Release|Any CPU.Build.0 = Release|Any CPU
	EndGlobalSection
	GlobalSection(SolutionProperties) = preSolution
		HideSolutionNode = FALSE
	EndGlobalSection
	GlobalSection(ExtensibilityGlobals) = postSolution
		SolutionGuid = {B26D2C65-6931-44B5-ACD9-305960DA78FF}
	EndGlobalSection
EndGlobal
